// !$*UTF8*$!
{
	archiveVersion = 1;
	classes = {
	};
	objectVersion = 50;
	objects = {

/* Begin PBXBuildFile section */
		8B0D361E24E23D8D00D0194D /* AppDelegate.swift in Sources */ = {isa = PBXBuildFile; fileRef = 8B0D361D24E23D8D00D0194D /* AppDelegate.swift */; };
		8B0D362024E23D8D00D0194D /* SceneDelegate.swift in Sources */ = {isa = PBXBuildFile; fileRef = 8B0D361F24E23D8D00D0194D /* SceneDelegate.swift */; };
		8B0D362224E23D8D00D0194D /* ContentView.swift in Sources */ = {isa = PBXBuildFile; fileRef = 8B0D362124E23D8D00D0194D /* ContentView.swift */; };
		8B0D362424E23D9500D0194D /* Assets.xcassets in Resources */ = {isa = PBXBuildFile; fileRef = 8B0D362324E23D9500D0194D /* Assets.xcassets */; };
		8B0D362724E23D9500D0194D /* Preview Assets.xcassets in Resources */ = {isa = PBXBuildFile; fileRef = 8B0D362624E23D9500D0194D /* Preview Assets.xcassets */; };
		8B0D362A24E23D9500D0194D /* LaunchScreen.storyboard in Resources */ = {isa = PBXBuildFile; fileRef = 8B0D362824E23D9500D0194D /* LaunchScreen.storyboard */; };
		8B0D363524E23D9600D0194D /* KakeiboTests.swift in Sources */ = {isa = PBXBuildFile; fileRef = 8B0D363424E23D9600D0194D /* KakeiboTests.swift */; };
		8B0D364024E23D9600D0194D /* KakeiboUITests.swift in Sources */ = {isa = PBXBuildFile; fileRef = 8B0D363F24E23D9600D0194D /* KakeiboUITests.swift */; };
		8B0D364E24E261BD00D0194D /* ScreenTransitionView.swift in Sources */ = {isa = PBXBuildFile; fileRef = 8B0D364D24E261BD00D0194D /* ScreenTransitionView.swift */; };
		8B0D365024E2621600D0194D /* SecondView.swift in Sources */ = {isa = PBXBuildFile; fileRef = 8B0D364F24E2621600D0194D /* SecondView.swift */; };
/* End PBXBuildFile section */

/* Begin PBXContainerItemProxy section */
		8B0D363124E23D9600D0194D /* PBXContainerItemProxy */ = {
			isa = PBXContainerItemProxy;
			containerPortal = 8B0D361224E23D8D00D0194D /* Project object */;
			proxyType = 1;
			remoteGlobalIDString = 8B0D361924E23D8D00D0194D;
			remoteInfo = Kakeibo;
		};
		8B0D363C24E23D9600D0194D /* PBXContainerItemProxy */ = {
			isa = PBXContainerItemProxy;
			containerPortal = 8B0D361224E23D8D00D0194D /* Project object */;
			proxyType = 1;
			remoteGlobalIDString = 8B0D361924E23D8D00D0194D;
			remoteInfo = Kakeibo;
		};
/* End PBXContainerItemProxy section */

/* Begin PBXFileReference section */
		8B0D361A24E23D8D00D0194D /* Kakeibo.app */ = {isa = PBXFileReference; explicitFileType = wrapper.application; includeInIndex = 0; path = Kakeibo.app; sourceTree = BUILT_PRODUCTS_DIR; };
		8B0D361D24E23D8D00D0194D /* AppDelegate.swift */ = {isa = PBXFileReference; lastKnownFileType = sourcecode.swift; path = AppDelegate.swift; sourceTree = "<group>"; };
		8B0D361F24E23D8D00D0194D /* SceneDelegate.swift */ = {isa = PBXFileReference; lastKnownFileType = sourcecode.swift; path = SceneDelegate.swift; sourceTree = "<group>"; };
		8B0D362124E23D8D00D0194D /* ContentView.swift */ = {isa = PBXFileReference; lastKnownFileType = sourcecode.swift; path = ContentView.swift; sourceTree = "<group>"; };
		8B0D362324E23D9500D0194D /* Assets.xcassets */ = {isa = PBXFileReference; lastKnownFileType = folder.assetcatalog; path = Assets.xcassets; sourceTree = "<group>"; };
		8B0D362624E23D9500D0194D /* Preview Assets.xcassets */ = {isa = PBXFileReference; lastKnownFileType = folder.assetcatalog; path = "Preview Assets.xcassets"; sourceTree = "<group>"; };
		8B0D362924E23D9500D0194D /* Base */ = {isa = PBXFileReference; lastKnownFileType = file.storyboard; name = Base; path = Base.lproj/LaunchScreen.storyboard; sourceTree = "<group>"; };
		8B0D362B24E23D9500D0194D /* Info.plist */ = {isa = PBXFileReference; lastKnownFileType = text.plist.xml; path = Info.plist; sourceTree = "<group>"; };
		8B0D363024E23D9600D0194D /* KakeiboTests.xctest */ = {isa = PBXFileReference; explicitFileType = wrapper.cfbundle; includeInIndex = 0; path = KakeiboTests.xctest; sourceTree = BUILT_PRODUCTS_DIR; };
		8B0D363424E23D9600D0194D /* KakeiboTests.swift */ = {isa = PBXFileReference; lastKnownFileType = sourcecode.swift; path = KakeiboTests.swift; sourceTree = "<group>"; };
		8B0D363624E23D9600D0194D /* Info.plist */ = {isa = PBXFileReference; lastKnownFileType = text.plist.xml; path = Info.plist; sourceTree = "<group>"; };
		8B0D363B24E23D9600D0194D /* KakeiboUITests.xctest */ = {isa = PBXFileReference; explicitFileType = wrapper.cfbundle; includeInIndex = 0; path = KakeiboUITests.xctest; sourceTree = BUILT_PRODUCTS_DIR; };
		8B0D363F24E23D9600D0194D /* KakeiboUITests.swift */ = {isa = PBXFileReference; lastKnownFileType = sourcecode.swift; path = KakeiboUITests.swift; sourceTree = "<group>"; };
		8B0D364124E23D9600D0194D /* Info.plist */ = {isa = PBXFileReference; lastKnownFileType = text.plist.xml; path = Info.plist; sourceTree = "<group>"; };
		8B0D364D24E261BD00D0194D /* ScreenTransitionView.swift */ = {isa = PBXFileReference; lastKnownFileType = sourcecode.swift; path = ScreenTransitionView.swift; sourceTree = "<group>"; };
		8B0D364F24E2621600D0194D /* SecondView.swift */ = {isa = PBXFileReference; lastKnownFileType = sourcecode.swift; path = SecondView.swift; sourceTree = "<group>"; };
/* End PBXFileReference section */

/* Begin PBXFrameworksBuildPhase section */
		8B0D361724E23D8D00D0194D /* Frameworks */ = {
			isa = PBXFrameworksBuildPhase;
			buildActionMask = 2147483647;
			files = (
			);
			runOnlyForDeploymentPostprocessing = 0;
		};
		8B0D362D24E23D9600D0194D /* Frameworks */ = {
			isa = PBXFrameworksBuildPhase;
			buildActionMask = 2147483647;
			files = (
			);
			runOnlyForDeploymentPostprocessing = 0;
		};
		8B0D363824E23D9600D0194D /* Frameworks */ = {
			isa = PBXFrameworksBuildPhase;
			buildActionMask = 2147483647;
			files = (
			);
			runOnlyForDeploymentPostprocessing = 0;
		};
/* End PBXFrameworksBuildPhase section */

/* Begin PBXGroup section */
		8B0D361124E23D8D00D0194D = {
			isa = PBXGroup;
			children = (
				8B0D361C24E23D8D00D0194D /* Kakeibo */,
				8B0D363324E23D9600D0194D /* KakeiboTests */,
				8B0D363E24E23D9600D0194D /* KakeiboUITests */,
				8B0D361B24E23D8D00D0194D /* Products */,
			);
			sourceTree = "<group>";
		};
		8B0D361B24E23D8D00D0194D /* Products */ = {
			isa = PBXGroup;
			children = (
				8B0D361A24E23D8D00D0194D /* Kakeibo.app */,
				8B0D363024E23D9600D0194D /* KakeiboTests.xctest */,
				8B0D363B24E23D9600D0194D /* KakeiboUITests.xctest */,
			);
			name = Products;
			sourceTree = "<group>";
		};
		8B0D361C24E23D8D00D0194D /* Kakeibo */ = {
			isa = PBXGroup;
			children = (
				8B0D361D24E23D8D00D0194D /* AppDelegate.swift */,
				8B0D361F24E23D8D00D0194D /* SceneDelegate.swift */,
				8B0D362124E23D8D00D0194D /* ContentView.swift */,
				8B0D362324E23D9500D0194D /* Assets.xcassets */,
				8B0D362824E23D9500D0194D /* LaunchScreen.storyboard */,
				8B0D362B24E23D9500D0194D /* Info.plist */,
				8B0D362524E23D9500D0194D /* Preview Content */,
				8B0D364D24E261BD00D0194D /* ScreenTransitionView.swift */,
				8B0D364F24E2621600D0194D /* SecondView.swift */,
			);
			path = Kakeibo;
			sourceTree = "<group>";
		};
		8B0D362524E23D9500D0194D /* Preview Content */ = {
			isa = PBXGroup;
			children = (
				8B0D362624E23D9500D0194D /* Preview Assets.xcassets */,
			);
			path = "Preview Content";
			sourceTree = "<group>";
		};
		8B0D363324E23D9600D0194D /* KakeiboTests */ = {
			isa = PBXGroup;
			children = (
				8B0D363424E23D9600D0194D /* KakeiboTests.swift */,
				8B0D363624E23D9600D0194D /* Info.plist */,
			);
			path = KakeiboTests;
			sourceTree = "<group>";
		};
		8B0D363E24E23D9600D0194D /* KakeiboUITests */ = {
			isa = PBXGroup;
			children = (
				8B0D363F24E23D9600D0194D /* KakeiboUITests.swift */,
				8B0D364124E23D9600D0194D /* Info.plist */,
			);
			path = KakeiboUITests;
			sourceTree = "<group>";
		};
/* End PBXGroup section */

/* Begin PBXNativeTarget section */
		8B0D361924E23D8D00D0194D /* Kakeibo */ = {
			isa = PBXNativeTarget;
			buildConfigurationList = 8B0D364424E23D9600D0194D /* Build configuration list for PBXNativeTarget "Kakeibo" */;
			buildPhases = (
				8B0D361624E23D8D00D0194D /* Sources */,
				8B0D361724E23D8D00D0194D /* Frameworks */,
				8B0D361824E23D8D00D0194D /* Resources */,
			);
			buildRules = (
			);
			dependencies = (
			);
			name = Kakeibo;
			productName = Kakeibo;
			productReference = 8B0D361A24E23D8D00D0194D /* Kakeibo.app */;
			productType = "com.apple.product-type.application";
		};
		8B0D362F24E23D9600D0194D /* KakeiboTests */ = {
			isa = PBXNativeTarget;
			buildConfigurationList = 8B0D364724E23D9600D0194D /* Build configuration list for PBXNativeTarget "KakeiboTests" */;
			buildPhases = (
				8B0D362C24E23D9600D0194D /* Sources */,
				8B0D362D24E23D9600D0194D /* Frameworks */,
				8B0D362E24E23D9600D0194D /* Resources */,
			);
			buildRules = (
			);
			dependencies = (
				8B0D363224E23D9600D0194D /* PBXTargetDependency */,
			);
			name = KakeiboTests;
			productName = KakeiboTests;
			productReference = 8B0D363024E23D9600D0194D /* KakeiboTests.xctest */;
			productType = "com.apple.product-type.bundle.unit-test";
		};
		8B0D363A24E23D9600D0194D /* KakeiboUITests */ = {
			isa = PBXNativeTarget;
			buildConfigurationList = 8B0D364A24E23D9600D0194D /* Build configuration list for PBXNativeTarget "KakeiboUITests" */;
			buildPhases = (
				8B0D363724E23D9600D0194D /* Sources */,
				8B0D363824E23D9600D0194D /* Frameworks */,
				8B0D363924E23D9600D0194D /* Resources */,
			);
			buildRules = (
			);
			dependencies = (
				8B0D363D24E23D9600D0194D /* PBXTargetDependency */,
			);
			name = KakeiboUITests;
			productName = KakeiboUITests;
			productReference = 8B0D363B24E23D9600D0194D /* KakeiboUITests.xctest */;
			productType = "com.apple.product-type.bundle.ui-testing";
		};
/* End PBXNativeTarget section */

/* Begin PBXProject section */
		8B0D361224E23D8D00D0194D /* Project object */ = {
			isa = PBXProject;
			attributes = {
				LastSwiftUpdateCheck = 1160;
				LastUpgradeCheck = 1160;
				ORGANIZATIONNAME = "Sample Inc";
				TargetAttributes = {
					8B0D361924E23D8D00D0194D = {
						CreatedOnToolsVersion = 11.6;
					};
					8B0D362F24E23D9600D0194D = {
						CreatedOnToolsVersion = 11.6;
						TestTargetID = 8B0D361924E23D8D00D0194D;
					};
					8B0D363A24E23D9600D0194D = {
						CreatedOnToolsVersion = 11.6;
						TestTargetID = 8B0D361924E23D8D00D0194D;
					};
				};
			};
			buildConfigurationList = 8B0D361524E23D8D00D0194D /* Build configuration list for PBXProject "Kakeibo" */;
			compatibilityVersion = "Xcode 9.3";
			developmentRegion = en;
			hasScannedForEncodings = 0;
			knownRegions = (
				en,
				Base,
			);
			mainGroup = 8B0D361124E23D8D00D0194D;
			productRefGroup = 8B0D361B24E23D8D00D0194D /* Products */;
			projectDirPath = "";
			projectRoot = "";
			targets = (
				8B0D361924E23D8D00D0194D /* Kakeibo */,
				8B0D362F24E23D9600D0194D /* KakeiboTests */,
				8B0D363A24E23D9600D0194D /* KakeiboUITests */,
			);
		};
/* End PBXProject section */

/* Begin PBXResourcesBuildPhase section */
		8B0D361824E23D8D00D0194D /* Resources */ = {
			isa = PBXResourcesBuildPhase;
			buildActionMask = 2147483647;
			files = (
				8B0D362A24E23D9500D0194D /* LaunchScreen.storyboard in Resources */,
				8B0D362724E23D9500D0194D /* Preview Assets.xcassets in Resources */,
				8B0D362424E23D9500D0194D /* Assets.xcassets in Resources */,
			);
			runOnlyForDeploymentPostprocessing = 0;
		};
		8B0D362E24E23D9600D0194D /* Resources */ = {
			isa = PBXResourcesBuildPhase;
			buildActionMask = 2147483647;
			files = (
			);
			runOnlyForDeploymentPostprocessing = 0;
		};
		8B0D363924E23D9600D0194D /* Resources */ = {
			isa = PBXResourcesBuildPhase;
			buildActionMask = 2147483647;
			files = (
			);
			runOnlyForDeploymentPostprocessing = 0;
		};
/* End PBXResourcesBuildPhase section */

/* Begin PBXSourcesBuildPhase section */
		8B0D361624E23D8D00D0194D /* Sources */ = {
			isa = PBXSourcesBuildPhase;
			buildActionMask = 2147483647;
			files = (
				8B0D361E24E23D8D00D0194D /* AppDelegate.swift in Sources */,
				8B0D365024E2621600D0194D /* SecondView.swift in Sources */,
				8B0D362024E23D8D00D0194D /* SceneDelegate.swift in Sources */,
				8B0D362224E23D8D00D0194D /* ContentView.swift in Sources */,
				8B0D364E24E261BD00D0194D /* ScreenTransitionView.swift in Sources */,
			);
			runOnlyForDeploymentPostprocessing = 0;
		};
		8B0D362C24E23D9600D0194D /* Sources */ = {
			isa = PBXSourcesBuildPhase;
			buildActionMask = 2147483647;
			files = (
				8B0D363524E23D9600D0194D /* KakeiboTests.swift in Sources */,
			);
			runOnlyForDeploymentPostprocessing = 0;
		};
		8B0D363724E23D9600D0194D /* Sources */ = {
			isa = PBXSourcesBuildPhase;
			buildActionMask = 2147483647;
			files = (
				8B0D364024E23D9600D0194D /* KakeiboUITests.swift in Sources */,
			);
			runOnlyForDeploymentPostprocessing = 0;
		};
/* End PBXSourcesBuildPhase section */

/* Begin PBXTargetDependency section */
		8B0D363224E23D9600D0194D /* PBXTargetDependency */ = {
			isa = PBXTargetDependency;
			target = 8B0D361924E23D8D00D0194D /* Kakeibo */;
			targetProxy = 8B0D363124E23D9600D0194D /* PBXContainerItemProxy */;
		};
		8B0D363D24E23D9600D0194D /* PBXTargetDependency */ = {
			isa = PBXTargetDependency;
			target = 8B0D361924E23D8D00D0194D /* Kakeibo */;
			targetProxy = 8B0D363C24E23D9600D0194D /* PBXContainerItemProxy */;
		};
/* End PBXTargetDependency section */

/* Begin PBXVariantGroup section */
		8B0D362824E23D9500D0194D /* LaunchScreen.storyboard */ = {
			isa = PBXVariantGroup;
			children = (
				8B0D362924E23D9500D0194D /* Base */,
			);
			name = LaunchScreen.storyboard;
			sourceTree = "<group>";
		};
/* End PBXVariantGroup section */

/* Begin XCBuildConfiguration section */
		8B0D364224E23D9600D0194D /* Debug */ = {
			isa = XCBuildConfiguration;
			buildSettings = {
				ALWAYS_SEARCH_USER_PATHS = NO;
				CLANG_ANALYZER_NONNULL = YES;
				CLANG_ANALYZER_NUMBER_OBJECT_CONVERSION = YES_AGGRESSIVE;
				CLANG_CXX_LANGUAGE_STANDARD = "gnu++14";
				CLANG_CXX_LIBRARY = "libc++";
				CLANG_ENABLE_MODULES = YES;
				CLANG_ENABLE_OBJC_ARC = YES;
				CLANG_ENABLE_OBJC_WEAK = YES;
				CLANG_WARN_BLOCK_CAPTURE_AUTORELEASING = YES;
				CLANG_WARN_BOOL_CONVERSION = YES;
				CLANG_WARN_COMMA = YES;
				CLANG_WARN_CONSTANT_CONVERSION = YES;
				CLANG_WARN_DEPRECATED_OBJC_IMPLEMENTATIONS = YES;
				CLANG_WARN_DIRECT_OBJC_ISA_USAGE = YES_ERROR;
				CLANG_WARN_DOCUMENTATION_COMMENTS = YES;
				CLANG_WARN_EMPTY_BODY = YES;
				CLANG_WARN_ENUM_CONVERSION = YES;
				CLANG_WARN_INFINITE_RECURSION = YES;
				CLANG_WARN_INT_CONVERSION = YES;
				CLANG_WARN_NON_LITERAL_NULL_CONVERSION = YES;
				CLANG_WARN_OBJC_IMPLICIT_RETAIN_SELF = YES;
				CLANG_WARN_OBJC_LITERAL_CONVERSION = YES;
				CLANG_WARN_OBJC_ROOT_CLASS = YES_ERROR;
				CLANG_WARN_RANGE_LOOP_ANALYSIS = YES;
				CLANG_WARN_STRICT_PROTOTYPES = YES;
				CLANG_WARN_SUSPICIOUS_MOVE = YES;
				CLANG_WARN_UNGUARDED_AVAILABILITY = YES_AGGRESSIVE;
				CLANG_WARN_UNREACHABLE_CODE = YES;
				CLANG_WARN__DUPLICATE_METHOD_MATCH = YES;
				COPY_PHASE_STRIP = NO;
				DEBUG_INFORMATION_FORMAT = dwarf;
				ENABLE_STRICT_OBJC_MSGSEND = YES;
				ENABLE_TESTABILITY = YES;
				GCC_C_LANGUAGE_STANDARD = gnu11;
				GCC_DYNAMIC_NO_PIC = NO;
				GCC_NO_COMMON_BLOCKS = YES;
				GCC_OPTIMIZATION_LEVEL = 0;
				GCC_PREPROCESSOR_DEFINITIONS = (
					"DEBUG=1",
					"$(inherited)",
				);
				GCC_WARN_64_TO_32_BIT_CONVERSION = YES;
				GCC_WARN_ABOUT_RETURN_TYPE = YES_ERROR;
				GCC_WARN_UNDECLARED_SELECTOR = YES;
				GCC_WARN_UNINITIALIZED_AUTOS = YES_AGGRESSIVE;
				GCC_WARN_UNUSED_FUNCTION = YES;
				GCC_WARN_UNUSED_VARIABLE = YES;
				IPHONEOS_DEPLOYMENT_TARGET = 13.6;
				MTL_ENABLE_DEBUG_INFO = INCLUDE_SOURCE;
				MTL_FAST_MATH = YES;
				ONLY_ACTIVE_ARCH = YES;
				SDKROOT = iphoneos;
				SWIFT_ACTIVE_COMPILATION_CONDITIONS = DEBUG;
				SWIFT_OPTIMIZATION_LEVEL = "-Onone";
			};
			name = Debug;
		};
		8B0D364324E23D9600D0194D /* Release */ = {
			isa = XCBuildConfiguration;
			buildSettings = {
				ALWAYS_SEARCH_USER_PATHS = NO;
				CLANG_ANALYZER_NONNULL = YES;
				CLANG_ANALYZER_NUMBER_OBJECT_CONVERSION = YES_AGGRESSIVE;
				CLANG_CXX_LANGUAGE_STANDARD = "gnu++14";
				CLANG_CXX_LIBRARY = "libc++";
				CLANG_ENABLE_MODULES = YES;
				CLANG_ENABLE_OBJC_ARC = YES;
				CLANG_ENABLE_OBJC_WEAK = YES;
				CLANG_WARN_BLOCK_CAPTURE_AUTORELEASING = YES;
				CLANG_WARN_BOOL_CONVERSION = YES;
				CLANG_WARN_COMMA = YES;
				CLANG_WARN_CONSTANT_CONVERSION = YES;
				CLANG_WARN_DEPRECATED_OBJC_IMPLEMENTATIONS = YES;
				CLANG_WARN_DIRECT_OBJC_ISA_USAGE = YES_ERROR;
				CLANG_WARN_DOCUMENTATION_COMMENTS = YES;
				CLANG_WARN_EMPTY_BODY = YES;
				CLANG_WARN_ENUM_CONVERSION = YES;
				CLANG_WARN_INFINITE_RECURSION = YES;
				CLANG_WARN_INT_CONVERSION = YES;
				CLANG_WARN_NON_LITERAL_NULL_CONVERSION = YES;
				CLANG_WARN_OBJC_IMPLICIT_RETAIN_SELF = YES;
				CLANG_WARN_OBJC_LITERAL_CONVERSION = YES;
				CLANG_WARN_OBJC_ROOT_CLASS = YES_ERROR;
				CLANG_WARN_RANGE_LOOP_ANALYSIS = YES;
				CLANG_WARN_STRICT_PROTOTYPES = YES;
				CLANG_WARN_SUSPICIOUS_MOVE = YES;
				CLANG_WARN_UNGUARDED_AVAILABILITY = YES_AGGRESSIVE;
				CLANG_WARN_UNREACHABLE_CODE = YES;
				CLANG_WARN__DUPLICATE_METHOD_MATCH = YES;
				COPY_PHASE_STRIP = NO;
				DEBUG_INFORMATION_FORMAT = "dwarf-with-dsym";
				ENABLE_NS_ASSERTIONS = NO;
				ENABLE_STRICT_OBJC_MSGSEND = YES;
				GCC_C_LANGUAGE_STANDARD = gnu11;
				GCC_NO_COMMON_BLOCKS = YES;
				GCC_WARN_64_TO_32_BIT_CONVERSION = YES;
				GCC_WARN_ABOUT_RETURN_TYPE = YES_ERROR;
				GCC_WARN_UNDECLARED_SELECTOR = YES;
				GCC_WARN_UNINITIALIZED_AUTOS = YES_AGGRESSIVE;
				GCC_WARN_UNUSED_FUNCTION = YES;
				GCC_WARN_UNUSED_VARIABLE = YES;
				IPHONEOS_DEPLOYMENT_TARGET = 13.6;
				MTL_ENABLE_DEBUG_INFO = NO;
				MTL_FAST_MATH = YES;
				SDKROOT = iphoneos;
				SWIFT_COMPILATION_MODE = wholemodule;
				SWIFT_OPTIMIZATION_LEVEL = "-O";
				VALIDATE_PRODUCT = YES;
			};
			name = Release;
		};
		8B0D364524E23D9600D0194D /* Debug */ = {
			isa = XCBuildConfiguration;
			buildSettings = {
				ASSETCATALOG_COMPILER_APPICON_NAME = AppIcon;
				CODE_SIGN_STYLE = Automatic;
				DEVELOPMENT_ASSET_PATHS = "\"Kakeibo/Preview Content\"";
				DEVELOPMENT_TEAM = 788KUSRN7W;
				ENABLE_PREVIEWS = YES;
				INFOPLIST_FILE = Kakeibo/Info.plist;
				LD_RUNPATH_SEARCH_PATHS = (
					"$(inherited)",
					"@executable_path/Frameworks",
				);
				PRODUCT_BUNDLE_IDENTIFIER = net.sample.Kakeibo;
				PRODUCT_NAME = "$(TARGET_NAME)";
				SWIFT_VERSION = 5.0;
				TARGETED_DEVICE_FAMILY = "1,2";
			};
			name = Debug;
		};
		8B0D364624E23D9600D0194D /* Release */ = {
			isa = XCBuildConfiguration;
			buildSettings = {
				ASSETCATALOG_COMPILER_APPICON_NAME = AppIcon;
				CODE_SIGN_STYLE = Automatic;
				DEVELOPMENT_ASSET_PATHS = "\"Kakeibo/Preview Content\"";
				DEVELOPMENT_TEAM = 788KUSRN7W;
				ENABLE_PREVIEWS = YES;
				INFOPLIST_FILE = Kakeibo/Info.plist;
				LD_RUNPATH_SEARCH_PATHS = (
					"$(inherited)",
					"@executable_path/Frameworks",
				);
				PRODUCT_BUNDLE_IDENTIFIER = net.sample.Kakeibo;
				PRODUCT_NAME = "$(TARGET_NAME)";
				SWIFT_VERSION = 5.0;
				TARGETED_DEVICE_FAMILY = "1,2";
			};
			name = Release;
		};
		8B0D364824E23D9600D0194D /* Debug */ = {
			isa = XCBuildConfiguration;
			buildSettings = {
				ALWAYS_EMBED_SWIFT_STANDARD_LIBRARIES = YES;
				BUNDLE_LOADER = "$(TEST_HOST)";
				CODE_SIGN_STYLE = Automatic;
				DEVELOPMENT_TEAM = 788KUSRN7W;
				INFOPLIST_FILE = KakeiboTests/Info.plist;
				IPHONEOS_DEPLOYMENT_TARGET = 13.6;
				LD_RUNPATH_SEARCH_PATHS = (
					"$(inherited)",
					"@executable_path/Frameworks",
					"@loader_path/Frameworks",
				);
				PRODUCT_BUNDLE_IDENTIFIER = net.sample.KakeiboTests;
				PRODUCT_NAME = "$(TARGET_NAME)";
				SWIFT_VERSION = 5.0;
				TARGETED_DEVICE_FAMILY = "1,2";
				TEST_HOST = "$(BUILT_PRODUCTS_DIR)/Kakeibo.app/Kakeibo";
			};
			name = Debug;
		};
		8B0D364924E23D9600D0194D /* Release */ = {
			isa = XCBuildConfiguration;
			buildSettings = {
				ALWAYS_EMBED_SWIFT_STANDARD_LIBRARIES = YES;
				BUNDLE_LOADER = "$(TEST_HOST)";
				CODE_SIGN_STYLE = Automatic;
				DEVELOPMENT_TEAM = 788KUSRN7W;
				INFOPLIST_FILE = KakeiboTests/Info.plist;
				IPHONEOS_DEPLOYMENT_TARGET = 13.6;
				LD_RUNPATH_SEARCH_PATHS = (
					"$(inherited)",
					"@executable_path/Frameworks",
					"@loader_path/Frameworks",
				);
				PRODUCT_BUNDLE_IDENTIFIER = net.sample.KakeiboTests;
				PRODUCT_NAME = "$(TARGET_NAME)";
				SWIFT_VERSION = 5.0;
				TARGETED_DEVICE_FAMILY = "1,2";
				TEST_HOST = "$(BUILT_PRODUCTS_DIR)/Kakeibo.app/Kakeibo";
			};
			name = Release;
		};
		8B0D364B24E23D9600D0194D /* Debug */ = {
			isa = XCBuildConfiguration;
			buildSettings = {
				ALWAYS_EMBED_SWIFT_STANDARD_LIBRARIES = YES;
				CODE_SIGN_STYLE = Automatic;
				DEVELOPMENT_TEAM = 788KUSRN7W;
				INFOPLIST_FILE = KakeiboUITests/Info.plist;
				LD_RUNPATH_SEARCH_PATHS = (
					"$(inherited)",
					"@executable_path/Frameworks",
					"@loader_path/Frameworks",
				);
				PRODUCT_BUNDLE_IDENTIFIER = net.sample.KakeiboUITests;
				PRODUCT_NAME = "$(TARGET_NAME)";
				SWIFT_VERSION = 5.0;
				TARGETED_DEVICE_FAMILY = "1,2";
				TEST_TARGET_NAME = Kakeibo;
			};
			name = Debug;
		};
		8B0D364C24E23D9600D0194D /* Release */ = {
			isa = XCBuildConfiguration;
			buildSettings = {
				ALWAYS_EMBED_SWIFT_STANDARD_LIBRARIES = YES;
				CODE_SIGN_STYLE = Automatic;
				DEVELOPMENT_TEAM = 788KUSRN7W;
				INFOPLIST_FILE = KakeiboUITests/Info.plist;
				LD_RUNPATH_SEARCH_PATHS = (
					"$(inherited)",
					"@executable_path/Frameworks",
					"@loader_path/Frameworks",
				);
				PRODUCT_BUNDLE_IDENTIFIER = net.sample.KakeiboUITests;
				PRODUCT_NAME = "$(TARGET_NAME)";
				SWIFT_VERSION = 5.0;
				TARGETED_DEVICE_FAMILY = "1,2";
				TEST_TARGET_NAME = Kakeibo;
			};
			name = Release;
		};
/* End XCBuildConfiguration section */

/* Begin XCConfigurationList section */
		8B0D361524E23D8D00D0194D /* Build configuration list for PBXProject "Kakeibo" */ = {
			isa = XCConfigurationList;
			buildConfigurations = (
				8B0D364224E23D9600D0194D /* Debug */,
				8B0D364324E23D9600D0194D /* Release */,
			);
			defaultConfigurationIsVisible = 0;
			defaultConfigurationName = Release;
		};
		8B0D364424E23D9600D0194D /* Build configuration list for PBXNativeTarget "Kakeibo" */ = {
			isa = XCConfigurationList;
			buildConfigurations = (
				8B0D364524E23D9600D0194D /* Debug */,
				8B0D364624E23D9600D0194D /* Release */,
			);
			defaultConfigurationIsVisible = 0;
			defaultConfigurationName = Release;
		};
		8B0D364724E23D9600D0194D /* Build configuration list for PBXNativeTarget "KakeiboTests" */ = {
			isa = XCConfigurationList;
			buildConfigurations = (
				8B0D364824E23D9600D0194D /* Debug */,
				8B0D364924E23D9600D0194D /* Release */,
			);
			defaultConfigurationIsVisible = 0;
			defaultConfigurationName = Release;
		};
		8B0D364A24E23D9600D0194D /* Build configuration list for PBXNativeTarget "KakeiboUITests" */ = {
			isa = XCConfigurationList;
			buildConfigurations = (
				8B0D364B24E23D9600D0194D /* Debug */,
				8B0D364C24E23D9600D0194D /* Release */,
			);
			defaultConfigurationIsVisible = 0;
			defaultConfigurationName = Release;
		};
/* End XCConfigurationList section */
	};
	rootObject = 8B0D361224E23D8D00D0194D /* Project object */;
}
